
Microsoft Visual Studio Solution File, Format Version 12.00
# Visual Studio Version 16
VisualStudioVersion = 16.0.31112.23
MinimumVisualStudioVersion = 10.0.40219.1
Project("{9A19103F-16F7-4668-BE54-9A1E7A4F7556}") = "RazorWebApp", "RazorWebApp\RazorWebApp.csproj", "{3FC6D247-F284-4A33-9810-B8773DB4EDC9}"
EndProject
Global
	GlobalSection(SolutionConfigurationPlatforms) = preSolution
		Debug|Any CPU = Debug|Any CPU
		Release|Any CPU = Release|Any CPU
	EndGlobalSection
	GlobalSection(ProjectConfigurationPlatforms) = postSolution
		{3FC6D247-F284-4A33-9810-B8773DB4EDC9}.Debug|Any CPU.ActiveCfg = Debug|Any CPU
		{3FC6D247-F284-4A33-9810-B8773DB4EDC9}.Debug|Any CPU.Build.0 = Debug|Any CPU
		{3FC6D247-F284-4A33-9810-B8773DB4EDC9}.Release|Any CPU.ActiveCfg = Release|Any CPU
		{3FC6D247-F284-4A33-9810-B8773DB4EDC9}.Release|Any CPU.Build.0 = Release|Any CPU
	EndGlobalSection
	GlobalSection(SolutionProperties) = preSolution
		HideSolutionNode = FALSE
	EndGlobalSection
	GlobalSection(ExtensibilityGlobals) = postSolution
		SolutionGuid = {903763E9-6459-47C3-BF06-9668774A0043}
	EndGlobalSection
EndGlobal
