
Microsoft Visual Studio Solution File, Format Version 12.00
# Visual Studio Version 16
VisualStudioVersion = 16.0.31605.320
MinimumVisualStudioVersion = 10.0.40219.1
Project("{2150E333-8FDC-42A3-9474-1A3956D46DE8}") = "src", "src", "{26A19EA4-EF30-45EC-B55B-F16F269BC3B8}"
EndProject
Project("{2150E333-8FDC-42A3-9474-1A3956D46DE8}") = "Clients", "Clients", "{21A0687F-649C-417D-B664-0C3B2599296B}"
EndProject
Project("{2150E333-8FDC-42A3-9474-1A3956D46DE8}") = "Common", "Common", "{776CA37F-B7C9-470B-9877-6FA2232CEA44}"
EndProject
Project("{2150E333-8FDC-42A3-9474-1A3956D46DE8}") = "Gateways", "Gateways", "{5549A9F9-B84C-46F3-AFC2-0B2A800FDE86}"
EndProject
Project("{2150E333-8FDC-42A3-9474-1A3956D46DE8}") = "Services", "Services", "{80FCCA19-5827-4DE0-A53A-FC92378AA430}"
EndProject
Project("{2150E333-8FDC-42A3-9474-1A3956D46DE8}") = "Catalag", "Catalag", "{1E88A30E-3116-4C31-970E-71E6E957577A}"
EndProject
Project("{2150E333-8FDC-42A3-9474-1A3956D46DE8}") = "Customer", "Customer", "{08754D51-531E-4A79-A655-9138EEDE49CC}"
EndProject
Project("{2150E333-8FDC-42A3-9474-1A3956D46DE8}") = "Order", "Order", "{C6CF2DAF-DD45-4AAB-B56F-07E69C317DE3}"
EndProject
Project("{2150E333-8FDC-42A3-9474-1A3956D46DE8}") = "Identity", "Identity", "{0A157636-9F2A-49C4-8725-B774F771BF9D}"
EndProject
Project("{2150E333-8FDC-42A3-9474-1A3956D46DE8}") = "01.API", "01.API", "{35A80D19-3501-45A3-A1F9-CFC669F466FE}"
EndProject
Project("{2150E333-8FDC-42A3-9474-1A3956D46DE8}") = "02.Services", "02.Services", "{9333F203-AD62-4329-B53C-AC8E8D932113}"
EndProject
Project("{2150E333-8FDC-42A3-9474-1A3956D46DE8}") = "03.Persistence", "03.Persistence", "{EE936B11-EA25-4922-B50D-21D0F26E0937}"
EndProject
Project("{2150E333-8FDC-42A3-9474-1A3956D46DE8}") = "04.Models", "04.Models", "{F4416F0F-67B8-4E1F-AA18-4AB22EA70442}"
EndProject
Project("{2150E333-8FDC-42A3-9474-1A3956D46DE8}") = "05.Common", "05.Common", "{B4748283-362E-44BC-9C41-9A9FDCFF620D}"
EndProject
Project("{FAE04EC0-301F-11D3-BF4B-00C04F79EFBC}") = "Catalago.Api", "Catalago.Api\Catalago.Api.csproj", "{3B844902-F028-4FFD-AB7B-E74558BA44EC}"
EndProject
Project("{FAE04EC0-301F-11D3-BF4B-00C04F79EFBC}") = "Catalogo.Domain", "Catalogo.Domain\Catalogo.Domain.csproj", "{6E0C2059-B4DD-47D6-90F9-0385D0CFF3D8}"
EndProject
Project("{FAE04EC0-301F-11D3-BF4B-00C04F79EFBC}") = "Catalogo.Persistence.Database", "Catalogo.Persistence.Database\Catalogo.Persistence.Database.csproj", "{6F9E4A7C-D334-4195-852A-84BB8E456432}"
EndProject
Project("{FAE04EC0-301F-11D3-BF4B-00C04F79EFBC}") = "Catalogo.Services.Queries", "Catalogo.Services.Queries\Catalogo.Services.Queries.csproj", "{27BCEB5B-0723-4692-BA21-B06FEB7B5987}"
EndProject
Project("{FAE04EC0-301F-11D3-BF4B-00C04F79EFBC}") = "Catalogo.Services.EventHandlers", "Catalogo.Services.EventHandlers\Catalogo.Services.EventHandlers.csproj", "{462559F2-A139-4C35-ACFB-80F1AA5CDB2D}"
EndProject
Project("{FAE04EC0-301F-11D3-BF4B-00C04F79EFBC}") = "Catalago.Common", "Catalago.Common\Catalago.Common.csproj", "{5B0A1D1B-D73D-453F-B922-2494F25B13AD}"
EndProject
Global
	GlobalSection(SolutionConfigurationPlatforms) = preSolution
		Debug|Any CPU = Debug|Any CPU
		Release|Any CPU = Release|Any CPU
	EndGlobalSection
	GlobalSection(ProjectConfigurationPlatforms) = postSolution
		{3B844902-F028-4FFD-AB7B-E74558BA44EC}.Debug|Any CPU.ActiveCfg = Debug|Any CPU
		{3B844902-F028-4FFD-AB7B-E74558BA44EC}.Debug|Any CPU.Build.0 = Debug|Any CPU
		{3B844902-F028-4FFD-AB7B-E74558BA44EC}.Release|Any CPU.ActiveCfg = Release|Any CPU
		{3B844902-F028-4FFD-AB7B-E74558BA44EC}.Release|Any CPU.Build.0 = Release|Any CPU
		{6E0C2059-B4DD-47D6-90F9-0385D0CFF3D8}.Debug|Any CPU.ActiveCfg = Debug|Any CPU
		{6E0C2059-B4DD-47D6-90F9-0385D0CFF3D8}.Debug|Any CPU.Build.0 = Debug|Any CPU
		{6E0C2059-B4DD-47D6-90F9-0385D0CFF3D8}.Release|Any CPU.ActiveCfg = Release|Any CPU
		{6E0C2059-B4DD-47D6-90F9-0385D0CFF3D8}.Release|Any CPU.Build.0 = Release|Any CPU
		{6F9E4A7C-D334-4195-852A-84BB8E456432}.Debug|Any CPU.ActiveCfg = Debug|Any CPU
		{6F9E4A7C-D334-4195-852A-84BB8E456432}.Debug|Any CPU.Build.0 = Debug|Any CPU
		{6F9E4A7C-D334-4195-852A-84BB8E456432}.Release|Any CPU.ActiveCfg = Release|Any CPU
		{6F9E4A7C-D334-4195-852A-84BB8E456432}.Release|Any CPU.Build.0 = Release|Any CPU
		{27BCEB5B-0723-4692-BA21-B06FEB7B5987}.Debug|Any CPU.ActiveCfg = Debug|Any CPU
		{27BCEB5B-0723-4692-BA21-B06FEB7B5987}.Debug|Any CPU.Build.0 = Debug|Any CPU
		{27BCEB5B-0723-4692-BA21-B06FEB7B5987}.Release|Any CPU.ActiveCfg = Release|Any CPU
		{27BCEB5B-0723-4692-BA21-B06FEB7B5987}.Release|Any CPU.Build.0 = Release|Any CPU
		{462559F2-A139-4C35-ACFB-80F1AA5CDB2D}.Debug|Any CPU.ActiveCfg = Debug|Any CPU
		{462559F2-A139-4C35-ACFB-80F1AA5CDB2D}.Debug|Any CPU.Build.0 = Debug|Any CPU
		{462559F2-A139-4C35-ACFB-80F1AA5CDB2D}.Release|Any CPU.ActiveCfg = Release|Any CPU
		{462559F2-A139-4C35-ACFB-80F1AA5CDB2D}.Release|Any CPU.Build.0 = Release|Any CPU
		{5B0A1D1B-D73D-453F-B922-2494F25B13AD}.Debug|Any CPU.ActiveCfg = Debug|Any CPU
		{5B0A1D1B-D73D-453F-B922-2494F25B13AD}.Debug|Any CPU.Build.0 = Debug|Any CPU
		{5B0A1D1B-D73D-453F-B922-2494F25B13AD}.Release|Any CPU.ActiveCfg = Release|Any CPU
		{5B0A1D1B-D73D-453F-B922-2494F25B13AD}.Release|Any CPU.Build.0 = Release|Any CPU
	EndGlobalSection
	GlobalSection(SolutionProperties) = preSolution
		HideSolutionNode = FALSE
	EndGlobalSection
	GlobalSection(NestedProjects) = preSolution
		{21A0687F-649C-417D-B664-0C3B2599296B} = {26A19EA4-EF30-45EC-B55B-F16F269BC3B8}
		{776CA37F-B7C9-470B-9877-6FA2232CEA44} = {26A19EA4-EF30-45EC-B55B-F16F269BC3B8}
		{5549A9F9-B84C-46F3-AFC2-0B2A800FDE86} = {26A19EA4-EF30-45EC-B55B-F16F269BC3B8}
		{80FCCA19-5827-4DE0-A53A-FC92378AA430} = {26A19EA4-EF30-45EC-B55B-F16F269BC3B8}
		{1E88A30E-3116-4C31-970E-71E6E957577A} = {80FCCA19-5827-4DE0-A53A-FC92378AA430}
		{08754D51-531E-4A79-A655-9138EEDE49CC} = {80FCCA19-5827-4DE0-A53A-FC92378AA430}
		{C6CF2DAF-DD45-4AAB-B56F-07E69C317DE3} = {80FCCA19-5827-4DE0-A53A-FC92378AA430}
		{0A157636-9F2A-49C4-8725-B774F771BF9D} = {80FCCA19-5827-4DE0-A53A-FC92378AA430}
		{35A80D19-3501-45A3-A1F9-CFC669F466FE} = {1E88A30E-3116-4C31-970E-71E6E957577A}
		{9333F203-AD62-4329-B53C-AC8E8D932113} = {1E88A30E-3116-4C31-970E-71E6E957577A}
		{EE936B11-EA25-4922-B50D-21D0F26E0937} = {1E88A30E-3116-4C31-970E-71E6E957577A}
		{F4416F0F-67B8-4E1F-AA18-4AB22EA70442} = {1E88A30E-3116-4C31-970E-71E6E957577A}
		{B4748283-362E-44BC-9C41-9A9FDCFF620D} = {1E88A30E-3116-4C31-970E-71E6E957577A}
		{3B844902-F028-4FFD-AB7B-E74558BA44EC} = {35A80D19-3501-45A3-A1F9-CFC669F466FE}
		{6E0C2059-B4DD-47D6-90F9-0385D0CFF3D8} = {F4416F0F-67B8-4E1F-AA18-4AB22EA70442}
		{6F9E4A7C-D334-4195-852A-84BB8E456432} = {EE936B11-EA25-4922-B50D-21D0F26E0937}
		{27BCEB5B-0723-4692-BA21-B06FEB7B5987} = {9333F203-AD62-4329-B53C-AC8E8D932113}
		{462559F2-A139-4C35-ACFB-80F1AA5CDB2D} = {9333F203-AD62-4329-B53C-AC8E8D932113}
		{5B0A1D1B-D73D-453F-B922-2494F25B13AD} = {B4748283-362E-44BC-9C41-9A9FDCFF620D}
	EndGlobalSection
	GlobalSection(ExtensibilityGlobals) = postSolution
		SolutionGuid = {5AD5D8F2-8B25-475A-9F6F-84BB0236A903}
	EndGlobalSection
EndGlobal
