
Microsoft Visual Studio Solution File, Format Version 12.00
# Visual Studio Version 16
VisualStudioVersion = 16.0.31605.320
MinimumVisualStudioVersion = 10.0.40219.1
Project("{2150E333-8FDC-42A3-9474-1A3956D46DE8}") = "src", "src", "{26A19EA4-EF30-45EC-B55B-F16F269BC3B8}"
EndProject
Project("{2150E333-8FDC-42A3-9474-1A3956D46DE8}") = "Clients", "Clients", "{21A0687F-649C-417D-B664-0C3B2599296B}"
EndProject
Project("{2150E333-8FDC-42A3-9474-1A3956D46DE8}") = "Common", "Common", "{776CA37F-B7C9-470B-9877-6FA2232CEA44}"
EndProject
Project("{2150E333-8FDC-42A3-9474-1A3956D46DE8}") = "Gateways", "Gateways", "{5549A9F9-B84C-46F3-AFC2-0B2A800FDE86}"
EndProject
Project("{2150E333-8FDC-42A3-9474-1A3956D46DE8}") = "Services", "Services", "{80FCCA19-5827-4DE0-A53A-FC92378AA430}"
EndProject
Project("{2150E333-8FDC-42A3-9474-1A3956D46DE8}") = "Catalag", "Catalag", "{1E88A30E-3116-4C31-970E-71E6E957577A}"
EndProject
Project("{2150E333-8FDC-42A3-9474-1A3956D46DE8}") = "Customer", "Customer", "{08754D51-531E-4A79-A655-9138EEDE49CC}"
EndProject
Project("{2150E333-8FDC-42A3-9474-1A3956D46DE8}") = "Order", "Order", "{C6CF2DAF-DD45-4AAB-B56F-07E69C317DE3}"
EndProject
Project("{2150E333-8FDC-42A3-9474-1A3956D46DE8}") = "Identity", "Identity", "{0A157636-9F2A-49C4-8725-B774F771BF9D}"
EndProject
Project("{2150E333-8FDC-42A3-9474-1A3956D46DE8}") = "01.API", "01.API", "{35A80D19-3501-45A3-A1F9-CFC669F466FE}"
EndProject
Project("{2150E333-8FDC-42A3-9474-1A3956D46DE8}") = "02.Services", "02.Services", "{9333F203-AD62-4329-B53C-AC8E8D932113}"
EndProject
Project("{2150E333-8FDC-42A3-9474-1A3956D46DE8}") = "03.Persistence", "03.Persistence", "{EE936B11-EA25-4922-B50D-21D0F26E0937}"
EndProject
Project("{2150E333-8FDC-42A3-9474-1A3956D46DE8}") = "04.Models", "04.Models", "{F4416F0F-67B8-4E1F-AA18-4AB22EA70442}"
EndProject
Project("{2150E333-8FDC-42A3-9474-1A3956D46DE8}") = "05.Common", "05.Common", "{B4748283-362E-44BC-9C41-9A9FDCFF620D}"
EndProject
Project("{9A19103F-16F7-4668-BE54-9A1E7A4F7556}") = "Catalago.Api", "Catalago.Api\Catalago.Api.csproj", "{3B844902-F028-4FFD-AB7B-E74558BA44EC}"
EndProject
Project("{9A19103F-16F7-4668-BE54-9A1E7A4F7556}") = "Catalogo.Domain", "Catalogo.Domain\Catalogo.Domain.csproj", "{6E0C2059-B4DD-47D6-90F9-0385D0CFF3D8}"
EndProject
Project("{9A19103F-16F7-4668-BE54-9A1E7A4F7556}") = "Catalogo.Persistence.Database", "Catalogo.Persistence.Database\Catalogo.Persistence.Database.csproj", "{6F9E4A7C-D334-4195-852A-84BB8E456432}"
EndProject
Project("{9A19103F-16F7-4668-BE54-9A1E7A4F7556}") = "Catalogo.Services.Queries", "Catalogo.Services.Queries\Catalogo.Services.Queries.csproj", "{27BCEB5B-0723-4692-BA21-B06FEB7B5987}"
EndProject
Project("{9A19103F-16F7-4668-BE54-9A1E7A4F7556}") = "Catalogo.Services.EventHandlers", "Catalogo.Services.EventHandlers\Catalogo.Services.EventHandlers.csproj", "{462559F2-A139-4C35-ACFB-80F1AA5CDB2D}"
EndProject
Project("{9A19103F-16F7-4668-BE54-9A1E7A4F7556}") = "Catalago.Common", "Catalago.Common\Catalago.Common.csproj", "{5B0A1D1B-D73D-453F-B922-2494F25B13AD}"
EndProject
Project("{2150E333-8FDC-42A3-9474-1A3956D46DE8}") = "Common", "Common", "{D8E5C6C2-D1C4-48B1-8976-486C1663B568}"
EndProject
Project("{9A19103F-16F7-4668-BE54-9A1E7A4F7556}") = "Services.Common.Collection", "Services.Common.Collection\Services.Common.Collection.csproj", "{71354D91-5197-43A9-B0AF-E52578920C49}"
EndProject
Project("{9A19103F-16F7-4668-BE54-9A1E7A4F7556}") = "Services.Common.Mapping", "Services.Common.Mapping\Services.Common.Mapping.csproj", "{F5C47FA7-1B17-4B43-9FB6-8D71E6EFA4F6}"
EndProject
Project("{9A19103F-16F7-4668-BE54-9A1E7A4F7556}") = "Services.Common.Paging", "Services.Common.Paging\Services.Common.Paging.csproj", "{39AD99E5-3E37-4639-AC07-9C5CAF359BE5}"
EndProject
Project("{9A19103F-16F7-4668-BE54-9A1E7A4F7556}") = "Common.Logging", "Common.Logging\Common.Logging.csproj", "{858C3F11-34AA-4B53-B656-3090DA5997DE}"
EndProject
Project("{2150E333-8FDC-42A3-9474-1A3956D46DE8}") = "01.API", "01.API", "{90C4C001-7620-4A17-A3BB-03CB65C3B1AF}"
EndProject
Project("{2150E333-8FDC-42A3-9474-1A3956D46DE8}") = "02.Services", "02.Services", "{647A747D-406B-4CB5-99A5-EB1BE587DAB0}"
EndProject
Project("{2150E333-8FDC-42A3-9474-1A3956D46DE8}") = "03. Persistence", "03. Persistence", "{F5E6B3F0-D9EC-46BC-93B7-8C54E047E46B}"
EndProject
Project("{2150E333-8FDC-42A3-9474-1A3956D46DE8}") = "04. Models", "04. Models", "{4FF52187-CCF7-40A9-9FA2-9E60AED744F6}"
EndProject
Project("{9A19103F-16F7-4668-BE54-9A1E7A4F7556}") = "Customer.Api", "Customer.Api\Customer.Api.csproj", "{EE209489-66B3-4C96-92A0-03FED865CB5D}"
EndProject
Project("{9A19103F-16F7-4668-BE54-9A1E7A4F7556}") = "Customer.Domain", "Customer.Domain\Customer.Domain.csproj", "{D8729A10-AA20-4841-9F7C-AEB8FA5FA12B}"
EndProject
Project("{9A19103F-16F7-4668-BE54-9A1E7A4F7556}") = "Customer.Persistence.Database", "Customer.Persistence.Database\Customer.Persistence.Database.csproj", "{0FF6E4DA-0912-4139-B9DB-049949432738}"
EndProject
Project("{9A19103F-16F7-4668-BE54-9A1E7A4F7556}") = "Customer.Service.Queries", "Customer.Service.Queries\Customer.Service.Queries.csproj", "{EF5EA6DA-D460-4D41-B458-28FA5523B4C0}"
EndProject
Project("{2150E333-8FDC-42A3-9474-1A3956D46DE8}") = "01.API", "01.API", "{B5DE212E-FB0B-4721-81DF-2840283F5DAE}"
EndProject
Project("{2150E333-8FDC-42A3-9474-1A3956D46DE8}") = "02.Services", "02.Services", "{11626C64-0F8D-4748-8647-A4645AB49C10}"
EndProject
Project("{2150E333-8FDC-42A3-9474-1A3956D46DE8}") = "03. Persistence", "03. Persistence", "{79D88551-D07F-4D5E-8376-34481D3B57C9}"
EndProject
Project("{2150E333-8FDC-42A3-9474-1A3956D46DE8}") = "04. Models", "04. Models", "{D0D153E5-070D-4E9C-BFC3-936203887380}"
EndProject
Project("{2150E333-8FDC-42A3-9474-1A3956D46DE8}") = "05.Common", "05.Common", "{4F79CA20-08FA-4715-9175-73288AE4BBFB}"
EndProject
Project("{9A19103F-16F7-4668-BE54-9A1E7A4F7556}") = "Order.Api", "Order.Api\Order.Api.csproj", "{AE710319-8AD6-45C2-ADAA-62CB53F0C284}"
EndProject
Project("{9A19103F-16F7-4668-BE54-9A1E7A4F7556}") = "Order.Persistence.Database", "Order.Persistence.Database\Order.Persistence.Database.csproj", "{59C1C948-FE0B-4AD9-9863-DF484780F842}"
EndProject
Project("{9A19103F-16F7-4668-BE54-9A1E7A4F7556}") = "Order.Common", "Order.Common\Order.Common.csproj", "{FFD2A632-356B-4BF8-8A69-CA9E0615D1F8}"
EndProject
Project("{9A19103F-16F7-4668-BE54-9A1E7A4F7556}") = "Order.Domain", "Order.Domain\Order.Domain.csproj", "{40FA2DCC-9A72-466A-93B9-EB33806568CD}"
EndProject
Project("{9A19103F-16F7-4668-BE54-9A1E7A4F7556}") = "Order.Service.Queries", "Order.Service.Queries\Order.Service.Queries.csproj", "{15E35F84-9E44-4246-8F5A-E5FC3762C472}"
EndProject
Project("{9A19103F-16F7-4668-BE54-9A1E7A4F7556}") = "Order.Service.EventHandlers", "Order.Service.EventHandlers\Order.Service.EventHandlers.csproj", "{CD6F698D-46E0-409A-846A-5AA805DA71F3}"
EndProject
Project("{2150E333-8FDC-42A3-9474-1A3956D46DE8}") = "01.API", "01.API", "{1B827FD8-B97B-4347-B221-46B14CBDD7CE}"
EndProject
Project("{2150E333-8FDC-42A3-9474-1A3956D46DE8}") = "02.Services", "02.Services", "{DD3297BD-BE43-4F56-AB34-223277D76815}"
EndProject
Project("{2150E333-8FDC-42A3-9474-1A3956D46DE8}") = "03. Persistence", "03. Persistence", "{19DB0726-8156-4DBD-A635-56D3E132AEEA}"
EndProject
Project("{2150E333-8FDC-42A3-9474-1A3956D46DE8}") = "04. Models", "04. Models", "{B396551A-0DCF-487A-BA03-53F331BF43E1}"
EndProject
Project("{9A19103F-16F7-4668-BE54-9A1E7A4F7556}") = "Identity.Domain", "Identity.Domain\Identity.Domain.csproj", "{7338C2E8-4C57-45EF-B2AA-9B837AD379D3}"
EndProject
Project("{9A19103F-16F7-4668-BE54-9A1E7A4F7556}") = "Identity.Persistence.Database", "Identity.Persistence.Database\Identity.Persistence.Database.csproj", "{94471AE8-55C2-4178-A8B2-F6535A042DEC}"
EndProject
Project("{9A19103F-16F7-4668-BE54-9A1E7A4F7556}") = "Identity.Api", "Identity.Api\Identity.Api.csproj", "{F16F0D16-458F-4514-86A4-3D71A3460D1F}"
EndProject
Project("{9A19103F-16F7-4668-BE54-9A1E7A4F7556}") = "Identity.Service.EventHandlers", "Identity.Service.EventHandlers\Identity.Service.EventHandlers.csproj", "{B0683443-7E3B-4D73-A21A-E846CAC8ABD8}"
EndProject
Project("{9A19103F-16F7-4668-BE54-9A1E7A4F7556}") = "Identity.Service.Queries", "Identity.Service.Queries\Identity.Service.Queries.csproj", "{EFCA8E6E-90FA-4786-AE8E-081841EFB32E}"
EndProject
Project("{2150E333-8FDC-42A3-9474-1A3956D46DE8}") = "01.API", "01.API", "{DB96DA0D-1ED8-4052-887E-A4931C48DD35}"
EndProject
Project("{9A19103F-16F7-4668-BE54-9A1E7A4F7556}") = "Api.Gateway.Models", "Api.Gateway.Models\Api.Gateway.Models.csproj", "{3CEF4D9A-950C-44FB-9B25-E501293AC643}"
EndProject
Project("{9A19103F-16F7-4668-BE54-9A1E7A4F7556}") = "Api.Gateway.Proxies", "Api.Gateway.Proxies\Api.Gateway.Proxies.csproj", "{6D513D9F-68F2-4576-B341-DCCDD3343E1F}"
EndProject
Project("{9A19103F-16F7-4668-BE54-9A1E7A4F7556}") = "Api.Gateway.WebClient", "Api.Gateway.WebClient\Api.Gateway.WebClient.csproj", "{57E4D30F-55C9-4CCB-B265-691B33D26A12}"
EndProject
Project("{9A19103F-16F7-4668-BE54-9A1E7A4F7556}") = "Api.Gateway.WebClient.Proxy", "Api.Gateway.WebClient.Proxy\Api.Gateway.WebClient.Proxy.csproj", "{9D20B2D9-FDA8-4839-A979-38F65A7CADC5}"
EndProject
Project("{9A19103F-16F7-4668-BE54-9A1E7A4F7556}") = "Clients.Authentication", "Clients.Authentication\Clients.Authentication.csproj", "{9E2F5F27-5AAD-4246-92FD-00BDAE8BBA67}"
EndProject
Project("{9A19103F-16F7-4668-BE54-9A1E7A4F7556}") = "Clients.WebClient", "Clients.WebClient\Clients.WebClient.csproj", "{3A5A4F6D-EF25-47AF-ABA1-0FAE71B795A9}"
EndProject
Project("{2150E333-8FDC-42A3-9474-1A3956D46DE8}") = "06.Testing", "06.Testing", "{6F5918DD-475D-48E1-A771-AF3A20D5557D}"
EndProject
Project("{FAE04EC0-301F-11D3-BF4B-00C04F79EFBC}") = "Catalogo.Tests", "Catalogo.Tests\Catalogo.Tests.csproj", "{C97F6A3A-D29B-41EC-A98B-8FDE34282C9D}"
EndProject
Global
	GlobalSection(SolutionConfigurationPlatforms) = preSolution
		Debug|Any CPU = Debug|Any CPU
		Release|Any CPU = Release|Any CPU
	EndGlobalSection
	GlobalSection(ProjectConfigurationPlatforms) = postSolution
		{3B844902-F028-4FFD-AB7B-E74558BA44EC}.Debug|Any CPU.ActiveCfg = Debug|Any CPU
		{3B844902-F028-4FFD-AB7B-E74558BA44EC}.Debug|Any CPU.Build.0 = Debug|Any CPU
		{3B844902-F028-4FFD-AB7B-E74558BA44EC}.Release|Any CPU.ActiveCfg = Release|Any CPU
		{3B844902-F028-4FFD-AB7B-E74558BA44EC}.Release|Any CPU.Build.0 = Release|Any CPU
		{6E0C2059-B4DD-47D6-90F9-0385D0CFF3D8}.Debug|Any CPU.ActiveCfg = Debug|Any CPU
		{6E0C2059-B4DD-47D6-90F9-0385D0CFF3D8}.Debug|Any CPU.Build.0 = Debug|Any CPU
		{6E0C2059-B4DD-47D6-90F9-0385D0CFF3D8}.Release|Any CPU.ActiveCfg = Release|Any CPU
		{6E0C2059-B4DD-47D6-90F9-0385D0CFF3D8}.Release|Any CPU.Build.0 = Release|Any CPU
		{6F9E4A7C-D334-4195-852A-84BB8E456432}.Debug|Any CPU.ActiveCfg = Debug|Any CPU
		{6F9E4A7C-D334-4195-852A-84BB8E456432}.Debug|Any CPU.Build.0 = Debug|Any CPU
		{6F9E4A7C-D334-4195-852A-84BB8E456432}.Release|Any CPU.ActiveCfg = Release|Any CPU
		{6F9E4A7C-D334-4195-852A-84BB8E456432}.Release|Any CPU.Build.0 = Release|Any CPU
		{27BCEB5B-0723-4692-BA21-B06FEB7B5987}.Debug|Any CPU.ActiveCfg = Debug|Any CPU
		{27BCEB5B-0723-4692-BA21-B06FEB7B5987}.Debug|Any CPU.Build.0 = Debug|Any CPU
		{27BCEB5B-0723-4692-BA21-B06FEB7B5987}.Release|Any CPU.ActiveCfg = Release|Any CPU
		{27BCEB5B-0723-4692-BA21-B06FEB7B5987}.Release|Any CPU.Build.0 = Release|Any CPU
		{462559F2-A139-4C35-ACFB-80F1AA5CDB2D}.Debug|Any CPU.ActiveCfg = Debug|Any CPU
		{462559F2-A139-4C35-ACFB-80F1AA5CDB2D}.Debug|Any CPU.Build.0 = Debug|Any CPU
		{462559F2-A139-4C35-ACFB-80F1AA5CDB2D}.Release|Any CPU.ActiveCfg = Release|Any CPU
		{462559F2-A139-4C35-ACFB-80F1AA5CDB2D}.Release|Any CPU.Build.0 = Release|Any CPU
		{5B0A1D1B-D73D-453F-B922-2494F25B13AD}.Debug|Any CPU.ActiveCfg = Debug|Any CPU
		{5B0A1D1B-D73D-453F-B922-2494F25B13AD}.Debug|Any CPU.Build.0 = Debug|Any CPU
		{5B0A1D1B-D73D-453F-B922-2494F25B13AD}.Release|Any CPU.ActiveCfg = Release|Any CPU
		{5B0A1D1B-D73D-453F-B922-2494F25B13AD}.Release|Any CPU.Build.0 = Release|Any CPU
		{71354D91-5197-43A9-B0AF-E52578920C49}.Debug|Any CPU.ActiveCfg = Debug|Any CPU
		{71354D91-5197-43A9-B0AF-E52578920C49}.Debug|Any CPU.Build.0 = Debug|Any CPU
		{71354D91-5197-43A9-B0AF-E52578920C49}.Release|Any CPU.ActiveCfg = Release|Any CPU
		{71354D91-5197-43A9-B0AF-E52578920C49}.Release|Any CPU.Build.0 = Release|Any CPU
		{F5C47FA7-1B17-4B43-9FB6-8D71E6EFA4F6}.Debug|Any CPU.ActiveCfg = Debug|Any CPU
		{F5C47FA7-1B17-4B43-9FB6-8D71E6EFA4F6}.Debug|Any CPU.Build.0 = Debug|Any CPU
		{F5C47FA7-1B17-4B43-9FB6-8D71E6EFA4F6}.Release|Any CPU.ActiveCfg = Release|Any CPU
		{F5C47FA7-1B17-4B43-9FB6-8D71E6EFA4F6}.Release|Any CPU.Build.0 = Release|Any CPU
		{39AD99E5-3E37-4639-AC07-9C5CAF359BE5}.Debug|Any CPU.ActiveCfg = Debug|Any CPU
		{39AD99E5-3E37-4639-AC07-9C5CAF359BE5}.Debug|Any CPU.Build.0 = Debug|Any CPU
		{39AD99E5-3E37-4639-AC07-9C5CAF359BE5}.Release|Any CPU.ActiveCfg = Release|Any CPU
		{39AD99E5-3E37-4639-AC07-9C5CAF359BE5}.Release|Any CPU.Build.0 = Release|Any CPU
		{858C3F11-34AA-4B53-B656-3090DA5997DE}.Debug|Any CPU.ActiveCfg = Debug|Any CPU
		{858C3F11-34AA-4B53-B656-3090DA5997DE}.Debug|Any CPU.Build.0 = Debug|Any CPU
		{858C3F11-34AA-4B53-B656-3090DA5997DE}.Release|Any CPU.ActiveCfg = Release|Any CPU
		{858C3F11-34AA-4B53-B656-3090DA5997DE}.Release|Any CPU.Build.0 = Release|Any CPU
		{EE209489-66B3-4C96-92A0-03FED865CB5D}.Debug|Any CPU.ActiveCfg = Debug|Any CPU
		{EE209489-66B3-4C96-92A0-03FED865CB5D}.Debug|Any CPU.Build.0 = Debug|Any CPU
		{EE209489-66B3-4C96-92A0-03FED865CB5D}.Release|Any CPU.ActiveCfg = Release|Any CPU
		{EE209489-66B3-4C96-92A0-03FED865CB5D}.Release|Any CPU.Build.0 = Release|Any CPU
		{D8729A10-AA20-4841-9F7C-AEB8FA5FA12B}.Debug|Any CPU.ActiveCfg = Debug|Any CPU
		{D8729A10-AA20-4841-9F7C-AEB8FA5FA12B}.Debug|Any CPU.Build.0 = Debug|Any CPU
		{D8729A10-AA20-4841-9F7C-AEB8FA5FA12B}.Release|Any CPU.ActiveCfg = Release|Any CPU
		{D8729A10-AA20-4841-9F7C-AEB8FA5FA12B}.Release|Any CPU.Build.0 = Release|Any CPU
		{0FF6E4DA-0912-4139-B9DB-049949432738}.Debug|Any CPU.ActiveCfg = Debug|Any CPU
		{0FF6E4DA-0912-4139-B9DB-049949432738}.Debug|Any CPU.Build.0 = Debug|Any CPU
		{0FF6E4DA-0912-4139-B9DB-049949432738}.Release|Any CPU.ActiveCfg = Release|Any CPU
		{0FF6E4DA-0912-4139-B9DB-049949432738}.Release|Any CPU.Build.0 = Release|Any CPU
		{EF5EA6DA-D460-4D41-B458-28FA5523B4C0}.Debug|Any CPU.ActiveCfg = Debug|Any CPU
		{EF5EA6DA-D460-4D41-B458-28FA5523B4C0}.Debug|Any CPU.Build.0 = Debug|Any CPU
		{EF5EA6DA-D460-4D41-B458-28FA5523B4C0}.Release|Any CPU.ActiveCfg = Release|Any CPU
		{EF5EA6DA-D460-4D41-B458-28FA5523B4C0}.Release|Any CPU.Build.0 = Release|Any CPU
		{AE710319-8AD6-45C2-ADAA-62CB53F0C284}.Debug|Any CPU.ActiveCfg = Debug|Any CPU
		{AE710319-8AD6-45C2-ADAA-62CB53F0C284}.Debug|Any CPU.Build.0 = Debug|Any CPU
		{AE710319-8AD6-45C2-ADAA-62CB53F0C284}.Release|Any CPU.ActiveCfg = Release|Any CPU
		{AE710319-8AD6-45C2-ADAA-62CB53F0C284}.Release|Any CPU.Build.0 = Release|Any CPU
		{59C1C948-FE0B-4AD9-9863-DF484780F842}.Debug|Any CPU.ActiveCfg = Debug|Any CPU
		{59C1C948-FE0B-4AD9-9863-DF484780F842}.Debug|Any CPU.Build.0 = Debug|Any CPU
		{59C1C948-FE0B-4AD9-9863-DF484780F842}.Release|Any CPU.ActiveCfg = Release|Any CPU
		{59C1C948-FE0B-4AD9-9863-DF484780F842}.Release|Any CPU.Build.0 = Release|Any CPU
		{FFD2A632-356B-4BF8-8A69-CA9E0615D1F8}.Debug|Any CPU.ActiveCfg = Debug|Any CPU
		{FFD2A632-356B-4BF8-8A69-CA9E0615D1F8}.Debug|Any CPU.Build.0 = Debug|Any CPU
		{FFD2A632-356B-4BF8-8A69-CA9E0615D1F8}.Release|Any CPU.ActiveCfg = Release|Any CPU
		{FFD2A632-356B-4BF8-8A69-CA9E0615D1F8}.Release|Any CPU.Build.0 = Release|Any CPU
		{40FA2DCC-9A72-466A-93B9-EB33806568CD}.Debug|Any CPU.ActiveCfg = Debug|Any CPU
		{40FA2DCC-9A72-466A-93B9-EB33806568CD}.Debug|Any CPU.Build.0 = Debug|Any CPU
		{40FA2DCC-9A72-466A-93B9-EB33806568CD}.Release|Any CPU.ActiveCfg = Release|Any CPU
		{40FA2DCC-9A72-466A-93B9-EB33806568CD}.Release|Any CPU.Build.0 = Release|Any CPU
		{15E35F84-9E44-4246-8F5A-E5FC3762C472}.Debug|Any CPU.ActiveCfg = Debug|Any CPU
		{15E35F84-9E44-4246-8F5A-E5FC3762C472}.Debug|Any CPU.Build.0 = Debug|Any CPU
		{15E35F84-9E44-4246-8F5A-E5FC3762C472}.Release|Any CPU.ActiveCfg = Release|Any CPU
		{15E35F84-9E44-4246-8F5A-E5FC3762C472}.Release|Any CPU.Build.0 = Release|Any CPU
		{CD6F698D-46E0-409A-846A-5AA805DA71F3}.Debug|Any CPU.ActiveCfg = Debug|Any CPU
		{CD6F698D-46E0-409A-846A-5AA805DA71F3}.Debug|Any CPU.Build.0 = Debug|Any CPU
		{CD6F698D-46E0-409A-846A-5AA805DA71F3}.Release|Any CPU.ActiveCfg = Release|Any CPU
		{CD6F698D-46E0-409A-846A-5AA805DA71F3}.Release|Any CPU.Build.0 = Release|Any CPU
		{7338C2E8-4C57-45EF-B2AA-9B837AD379D3}.Debug|Any CPU.ActiveCfg = Debug|Any CPU
		{7338C2E8-4C57-45EF-B2AA-9B837AD379D3}.Debug|Any CPU.Build.0 = Debug|Any CPU
		{7338C2E8-4C57-45EF-B2AA-9B837AD379D3}.Release|Any CPU.ActiveCfg = Release|Any CPU
		{7338C2E8-4C57-45EF-B2AA-9B837AD379D3}.Release|Any CPU.Build.0 = Release|Any CPU
		{94471AE8-55C2-4178-A8B2-F6535A042DEC}.Debug|Any CPU.ActiveCfg = Debug|Any CPU
		{94471AE8-55C2-4178-A8B2-F6535A042DEC}.Debug|Any CPU.Build.0 = Debug|Any CPU
		{94471AE8-55C2-4178-A8B2-F6535A042DEC}.Release|Any CPU.ActiveCfg = Release|Any CPU
		{94471AE8-55C2-4178-A8B2-F6535A042DEC}.Release|Any CPU.Build.0 = Release|Any CPU
		{F16F0D16-458F-4514-86A4-3D71A3460D1F}.Debug|Any CPU.ActiveCfg = Debug|Any CPU
		{F16F0D16-458F-4514-86A4-3D71A3460D1F}.Debug|Any CPU.Build.0 = Debug|Any CPU
		{F16F0D16-458F-4514-86A4-3D71A3460D1F}.Release|Any CPU.ActiveCfg = Release|Any CPU
		{F16F0D16-458F-4514-86A4-3D71A3460D1F}.Release|Any CPU.Build.0 = Release|Any CPU
		{B0683443-7E3B-4D73-A21A-E846CAC8ABD8}.Debug|Any CPU.ActiveCfg = Debug|Any CPU
		{B0683443-7E3B-4D73-A21A-E846CAC8ABD8}.Debug|Any CPU.Build.0 = Debug|Any CPU
		{B0683443-7E3B-4D73-A21A-E846CAC8ABD8}.Release|Any CPU.ActiveCfg = Release|Any CPU
		{B0683443-7E3B-4D73-A21A-E846CAC8ABD8}.Release|Any CPU.Build.0 = Release|Any CPU
		{EFCA8E6E-90FA-4786-AE8E-081841EFB32E}.Debug|Any CPU.ActiveCfg = Debug|Any CPU
		{EFCA8E6E-90FA-4786-AE8E-081841EFB32E}.Debug|Any CPU.Build.0 = Debug|Any CPU
		{EFCA8E6E-90FA-4786-AE8E-081841EFB32E}.Release|Any CPU.ActiveCfg = Release|Any CPU
		{EFCA8E6E-90FA-4786-AE8E-081841EFB32E}.Release|Any CPU.Build.0 = Release|Any CPU
		{3CEF4D9A-950C-44FB-9B25-E501293AC643}.Debug|Any CPU.ActiveCfg = Debug|Any CPU
		{3CEF4D9A-950C-44FB-9B25-E501293AC643}.Debug|Any CPU.Build.0 = Debug|Any CPU
		{3CEF4D9A-950C-44FB-9B25-E501293AC643}.Release|Any CPU.ActiveCfg = Release|Any CPU
		{3CEF4D9A-950C-44FB-9B25-E501293AC643}.Release|Any CPU.Build.0 = Release|Any CPU
		{6D513D9F-68F2-4576-B341-DCCDD3343E1F}.Debug|Any CPU.ActiveCfg = Debug|Any CPU
		{6D513D9F-68F2-4576-B341-DCCDD3343E1F}.Debug|Any CPU.Build.0 = Debug|Any CPU
		{6D513D9F-68F2-4576-B341-DCCDD3343E1F}.Release|Any CPU.ActiveCfg = Release|Any CPU
		{6D513D9F-68F2-4576-B341-DCCDD3343E1F}.Release|Any CPU.Build.0 = Release|Any CPU
		{57E4D30F-55C9-4CCB-B265-691B33D26A12}.Debug|Any CPU.ActiveCfg = Debug|Any CPU
		{57E4D30F-55C9-4CCB-B265-691B33D26A12}.Debug|Any CPU.Build.0 = Debug|Any CPU
		{57E4D30F-55C9-4CCB-B265-691B33D26A12}.Release|Any CPU.ActiveCfg = Release|Any CPU
		{57E4D30F-55C9-4CCB-B265-691B33D26A12}.Release|Any CPU.Build.0 = Release|Any CPU
		{9D20B2D9-FDA8-4839-A979-38F65A7CADC5}.Debug|Any CPU.ActiveCfg = Debug|Any CPU
		{9D20B2D9-FDA8-4839-A979-38F65A7CADC5}.Debug|Any CPU.Build.0 = Debug|Any CPU
		{9D20B2D9-FDA8-4839-A979-38F65A7CADC5}.Release|Any CPU.ActiveCfg = Release|Any CPU
		{9D20B2D9-FDA8-4839-A979-38F65A7CADC5}.Release|Any CPU.Build.0 = Release|Any CPU
		{9E2F5F27-5AAD-4246-92FD-00BDAE8BBA67}.Debug|Any CPU.ActiveCfg = Debug|Any CPU
		{9E2F5F27-5AAD-4246-92FD-00BDAE8BBA67}.Debug|Any CPU.Build.0 = Debug|Any CPU
		{9E2F5F27-5AAD-4246-92FD-00BDAE8BBA67}.Release|Any CPU.ActiveCfg = Release|Any CPU
		{9E2F5F27-5AAD-4246-92FD-00BDAE8BBA67}.Release|Any CPU.Build.0 = Release|Any CPU
		{3A5A4F6D-EF25-47AF-ABA1-0FAE71B795A9}.Debug|Any CPU.ActiveCfg = Debug|Any CPU
		{3A5A4F6D-EF25-47AF-ABA1-0FAE71B795A9}.Debug|Any CPU.Build.0 = Debug|Any CPU
		{3A5A4F6D-EF25-47AF-ABA1-0FAE71B795A9}.Release|Any CPU.ActiveCfg = Release|Any CPU
		{3A5A4F6D-EF25-47AF-ABA1-0FAE71B795A9}.Release|Any CPU.Build.0 = Release|Any CPU
		{C97F6A3A-D29B-41EC-A98B-8FDE34282C9D}.Debug|Any CPU.ActiveCfg = Debug|Any CPU
		{C97F6A3A-D29B-41EC-A98B-8FDE34282C9D}.Debug|Any CPU.Build.0 = Debug|Any CPU
		{C97F6A3A-D29B-41EC-A98B-8FDE34282C9D}.Release|Any CPU.ActiveCfg = Release|Any CPU
		{C97F6A3A-D29B-41EC-A98B-8FDE34282C9D}.Release|Any CPU.Build.0 = Release|Any CPU
	EndGlobalSection
	GlobalSection(SolutionProperties) = preSolution
		HideSolutionNode = FALSE
	EndGlobalSection
	GlobalSection(NestedProjects) = preSolution
		{21A0687F-649C-417D-B664-0C3B2599296B} = {26A19EA4-EF30-45EC-B55B-F16F269BC3B8}
		{776CA37F-B7C9-470B-9877-6FA2232CEA44} = {26A19EA4-EF30-45EC-B55B-F16F269BC3B8}
		{5549A9F9-B84C-46F3-AFC2-0B2A800FDE86} = {26A19EA4-EF30-45EC-B55B-F16F269BC3B8}
		{80FCCA19-5827-4DE0-A53A-FC92378AA430} = {26A19EA4-EF30-45EC-B55B-F16F269BC3B8}
		{1E88A30E-3116-4C31-970E-71E6E957577A} = {80FCCA19-5827-4DE0-A53A-FC92378AA430}
		{08754D51-531E-4A79-A655-9138EEDE49CC} = {80FCCA19-5827-4DE0-A53A-FC92378AA430}
		{C6CF2DAF-DD45-4AAB-B56F-07E69C317DE3} = {80FCCA19-5827-4DE0-A53A-FC92378AA430}
		{0A157636-9F2A-49C4-8725-B774F771BF9D} = {80FCCA19-5827-4DE0-A53A-FC92378AA430}
		{35A80D19-3501-45A3-A1F9-CFC669F466FE} = {1E88A30E-3116-4C31-970E-71E6E957577A}
		{9333F203-AD62-4329-B53C-AC8E8D932113} = {1E88A30E-3116-4C31-970E-71E6E957577A}
		{EE936B11-EA25-4922-B50D-21D0F26E0937} = {1E88A30E-3116-4C31-970E-71E6E957577A}
		{F4416F0F-67B8-4E1F-AA18-4AB22EA70442} = {1E88A30E-3116-4C31-970E-71E6E957577A}
		{B4748283-362E-44BC-9C41-9A9FDCFF620D} = {1E88A30E-3116-4C31-970E-71E6E957577A}
		{3B844902-F028-4FFD-AB7B-E74558BA44EC} = {35A80D19-3501-45A3-A1F9-CFC669F466FE}
		{6E0C2059-B4DD-47D6-90F9-0385D0CFF3D8} = {F4416F0F-67B8-4E1F-AA18-4AB22EA70442}
		{6F9E4A7C-D334-4195-852A-84BB8E456432} = {EE936B11-EA25-4922-B50D-21D0F26E0937}
		{27BCEB5B-0723-4692-BA21-B06FEB7B5987} = {9333F203-AD62-4329-B53C-AC8E8D932113}
		{462559F2-A139-4C35-ACFB-80F1AA5CDB2D} = {9333F203-AD62-4329-B53C-AC8E8D932113}
		{5B0A1D1B-D73D-453F-B922-2494F25B13AD} = {B4748283-362E-44BC-9C41-9A9FDCFF620D}
		{D8E5C6C2-D1C4-48B1-8976-486C1663B568} = {80FCCA19-5827-4DE0-A53A-FC92378AA430}
		{71354D91-5197-43A9-B0AF-E52578920C49} = {D8E5C6C2-D1C4-48B1-8976-486C1663B568}
		{F5C47FA7-1B17-4B43-9FB6-8D71E6EFA4F6} = {D8E5C6C2-D1C4-48B1-8976-486C1663B568}
		{39AD99E5-3E37-4639-AC07-9C5CAF359BE5} = {D8E5C6C2-D1C4-48B1-8976-486C1663B568}
		{858C3F11-34AA-4B53-B656-3090DA5997DE} = {776CA37F-B7C9-470B-9877-6FA2232CEA44}
		{90C4C001-7620-4A17-A3BB-03CB65C3B1AF} = {08754D51-531E-4A79-A655-9138EEDE49CC}
		{647A747D-406B-4CB5-99A5-EB1BE587DAB0} = {08754D51-531E-4A79-A655-9138EEDE49CC}
		{F5E6B3F0-D9EC-46BC-93B7-8C54E047E46B} = {08754D51-531E-4A79-A655-9138EEDE49CC}
		{4FF52187-CCF7-40A9-9FA2-9E60AED744F6} = {08754D51-531E-4A79-A655-9138EEDE49CC}
		{EE209489-66B3-4C96-92A0-03FED865CB5D} = {90C4C001-7620-4A17-A3BB-03CB65C3B1AF}
		{D8729A10-AA20-4841-9F7C-AEB8FA5FA12B} = {4FF52187-CCF7-40A9-9FA2-9E60AED744F6}
		{0FF6E4DA-0912-4139-B9DB-049949432738} = {F5E6B3F0-D9EC-46BC-93B7-8C54E047E46B}
		{EF5EA6DA-D460-4D41-B458-28FA5523B4C0} = {647A747D-406B-4CB5-99A5-EB1BE587DAB0}
		{B5DE212E-FB0B-4721-81DF-2840283F5DAE} = {C6CF2DAF-DD45-4AAB-B56F-07E69C317DE3}
		{11626C64-0F8D-4748-8647-A4645AB49C10} = {C6CF2DAF-DD45-4AAB-B56F-07E69C317DE3}
		{79D88551-D07F-4D5E-8376-34481D3B57C9} = {C6CF2DAF-DD45-4AAB-B56F-07E69C317DE3}
		{D0D153E5-070D-4E9C-BFC3-936203887380} = {C6CF2DAF-DD45-4AAB-B56F-07E69C317DE3}
		{4F79CA20-08FA-4715-9175-73288AE4BBFB} = {C6CF2DAF-DD45-4AAB-B56F-07E69C317DE3}
		{AE710319-8AD6-45C2-ADAA-62CB53F0C284} = {B5DE212E-FB0B-4721-81DF-2840283F5DAE}
		{59C1C948-FE0B-4AD9-9863-DF484780F842} = {79D88551-D07F-4D5E-8376-34481D3B57C9}
		{FFD2A632-356B-4BF8-8A69-CA9E0615D1F8} = {4F79CA20-08FA-4715-9175-73288AE4BBFB}
		{40FA2DCC-9A72-466A-93B9-EB33806568CD} = {D0D153E5-070D-4E9C-BFC3-936203887380}
		{15E35F84-9E44-4246-8F5A-E5FC3762C472} = {11626C64-0F8D-4748-8647-A4645AB49C10}
		{CD6F698D-46E0-409A-846A-5AA805DA71F3} = {11626C64-0F8D-4748-8647-A4645AB49C10}
		{1B827FD8-B97B-4347-B221-46B14CBDD7CE} = {0A157636-9F2A-49C4-8725-B774F771BF9D}
		{DD3297BD-BE43-4F56-AB34-223277D76815} = {0A157636-9F2A-49C4-8725-B774F771BF9D}
		{19DB0726-8156-4DBD-A635-56D3E132AEEA} = {0A157636-9F2A-49C4-8725-B774F771BF9D}
		{B396551A-0DCF-487A-BA03-53F331BF43E1} = {0A157636-9F2A-49C4-8725-B774F771BF9D}
		{7338C2E8-4C57-45EF-B2AA-9B837AD379D3} = {B396551A-0DCF-487A-BA03-53F331BF43E1}
		{94471AE8-55C2-4178-A8B2-F6535A042DEC} = {19DB0726-8156-4DBD-A635-56D3E132AEEA}
		{F16F0D16-458F-4514-86A4-3D71A3460D1F} = {1B827FD8-B97B-4347-B221-46B14CBDD7CE}
		{B0683443-7E3B-4D73-A21A-E846CAC8ABD8} = {DD3297BD-BE43-4F56-AB34-223277D76815}
		{EFCA8E6E-90FA-4786-AE8E-081841EFB32E} = {DD3297BD-BE43-4F56-AB34-223277D76815}
		{DB96DA0D-1ED8-4052-887E-A4931C48DD35} = {5549A9F9-B84C-46F3-AFC2-0B2A800FDE86}
		{3CEF4D9A-950C-44FB-9B25-E501293AC643} = {5549A9F9-B84C-46F3-AFC2-0B2A800FDE86}
		{6D513D9F-68F2-4576-B341-DCCDD3343E1F} = {5549A9F9-B84C-46F3-AFC2-0B2A800FDE86}
		{57E4D30F-55C9-4CCB-B265-691B33D26A12} = {DB96DA0D-1ED8-4052-887E-A4931C48DD35}
		{9D20B2D9-FDA8-4839-A979-38F65A7CADC5} = {DB96DA0D-1ED8-4052-887E-A4931C48DD35}
		{9E2F5F27-5AAD-4246-92FD-00BDAE8BBA67} = {21A0687F-649C-417D-B664-0C3B2599296B}
		{3A5A4F6D-EF25-47AF-ABA1-0FAE71B795A9} = {21A0687F-649C-417D-B664-0C3B2599296B}
		{6F5918DD-475D-48E1-A771-AF3A20D5557D} = {1E88A30E-3116-4C31-970E-71E6E957577A}
		{C97F6A3A-D29B-41EC-A98B-8FDE34282C9D} = {6F5918DD-475D-48E1-A771-AF3A20D5557D}
	EndGlobalSection
	GlobalSection(ExtensibilityGlobals) = postSolution
		SolutionGuid = {5AD5D8F2-8B25-475A-9F6F-84BB0236A903}
	EndGlobalSection
EndGlobal
