
Microsoft Visual Studio Solution File, Format Version 12.00
# Visual Studio Version 16
VisualStudioVersion = 16.0.31605.320
MinimumVisualStudioVersion = 10.0.40219.1
Project("{FAE04EC0-301F-11D3-BF4B-00C04F79EFBC}") = "Razor1", "Razor1.csproj", "{59CEFAFA-5636-4285-90B5-73AEEA479E89}"
EndProject
Global
	GlobalSection(SolutionConfigurationPlatforms) = preSolution
		Debug|Any CPU = Debug|Any CPU
		Release|Any CPU = Release|Any CPU
	EndGlobalSection
	GlobalSection(ProjectConfigurationPlatforms) = postSolution
		{59CEFAFA-5636-4285-90B5-73AEEA479E89}.Debug|Any CPU.ActiveCfg = Debug|Any CPU
		{59CEFAFA-5636-4285-90B5-73AEEA479E89}.Debug|Any CPU.Build.0 = Debug|Any CPU
		{59CEFAFA-5636-4285-90B5-73AEEA479E89}.Release|Any CPU.ActiveCfg = Release|Any CPU
		{59CEFAFA-5636-4285-90B5-73AEEA479E89}.Release|Any CPU.Build.0 = Release|Any CPU
	EndGlobalSection
	GlobalSection(SolutionProperties) = preSolution
		HideSolutionNode = FALSE
	EndGlobalSection
	GlobalSection(ExtensibilityGlobals) = postSolution
		SolutionGuid = {D188D70B-A955-4E87-9A63-2B4FE604ED3D}
	EndGlobalSection
EndGlobal
